
Microsoft Visual Studio Solution File, Format Version 12.00
# Visual Studio Version 17
VisualStudioVersion = 17.11.35312.102
MinimumVisualStudioVersion = 10.0.40219.1
Project("{FAE04EC0-301F-11D3-BF4B-00C04F79EFBC}") = "Alza.Appllication", "Alza.Appllication.csproj", "{6608D458-970D-4CC5-A1B1-85D2ABB0CF83}"
EndProject
Project("{FAE04EC0-301F-11D3-BF4B-00C04F79EFBC}") = "Alza.Tests", "..\Alza.Tests\Alza.Tests.csproj", "{5D98AEB7-78A8-4ECA-B406-C6CE798FAEA1}"
EndProject
Project("{FAE04EC0-301F-11D3-BF4B-00C04F79EFBC}") = "Alza.Core", "..\Alza.Core\Alza.Core.csproj", "{BF861930-A3E6-4AE1-A3DD-1AAB38B8345B}"
EndProject
Project("{FAE04EC0-301F-11D3-BF4B-00C04F79EFBC}") = "Alza.Contracts", "..\Alza.Contracts\Alza.Contracts.csproj", "{2FEC94D8-CCEF-4CCD-986B-953C0887ED1B}"
EndProject
Project("{FAE04EC0-301F-11D3-BF4B-00C04F79EFBC}") = "Alza.Database", "..\Alza.Database\Alza.Database.csproj", "{A9FBE2C8-CB34-4C9A-BF96-7B61A21BA5E4}"
EndProject
Global
	GlobalSection(SolutionConfigurationPlatforms) = preSolution
		Debug|Any CPU = Debug|Any CPU
		Release|Any CPU = Release|Any CPU
	EndGlobalSection
	GlobalSection(ProjectConfigurationPlatforms) = postSolution
		{6608D458-970D-4CC5-A1B1-85D2ABB0CF83}.Debug|Any CPU.ActiveCfg = Debug|Any CPU
		{6608D458-970D-4CC5-A1B1-85D2ABB0CF83}.Debug|Any CPU.Build.0 = Debug|Any CPU
		{6608D458-970D-4CC5-A1B1-85D2ABB0CF83}.Release|Any CPU.ActiveCfg = Release|Any CPU
		{6608D458-970D-4CC5-A1B1-85D2ABB0CF83}.Release|Any CPU.Build.0 = Release|Any CPU
		{5D98AEB7-78A8-4ECA-B406-C6CE798FAEA1}.Debug|Any CPU.ActiveCfg = Debug|Any CPU
		{5D98AEB7-78A8-4ECA-B406-C6CE798FAEA1}.Debug|Any CPU.Build.0 = Debug|Any CPU
		{5D98AEB7-78A8-4ECA-B406-C6CE798FAEA1}.Release|Any CPU.ActiveCfg = Release|Any CPU
		{5D98AEB7-78A8-4ECA-B406-C6CE798FAEA1}.Release|Any CPU.Build.0 = Release|Any CPU
		{BF861930-A3E6-4AE1-A3DD-1AAB38B8345B}.Debug|Any CPU.ActiveCfg = Debug|Any CPU
		{BF861930-A3E6-4AE1-A3DD-1AAB38B8345B}.Debug|Any CPU.Build.0 = Debug|Any CPU
		{BF861930-A3E6-4AE1-A3DD-1AAB38B8345B}.Release|Any CPU.ActiveCfg = Release|Any CPU
		{BF861930-A3E6-4AE1-A3DD-1AAB38B8345B}.Release|Any CPU.Build.0 = Release|Any CPU
		{2FEC94D8-CCEF-4CCD-986B-953C0887ED1B}.Debug|Any CPU.ActiveCfg = Debug|Any CPU
		{2FEC94D8-CCEF-4CCD-986B-953C0887ED1B}.Debug|Any CPU.Build.0 = Debug|Any CPU
		{2FEC94D8-CCEF-4CCD-986B-953C0887ED1B}.Release|Any CPU.ActiveCfg = Release|Any CPU
		{2FEC94D8-CCEF-4CCD-986B-953C0887ED1B}.Release|Any CPU.Build.0 = Release|Any CPU
		{A9FBE2C8-CB34-4C9A-BF96-7B61A21BA5E4}.Debug|Any CPU.ActiveCfg = Debug|Any CPU
		{A9FBE2C8-CB34-4C9A-BF96-7B61A21BA5E4}.Debug|Any CPU.Build.0 = Debug|Any CPU
		{A9FBE2C8-CB34-4C9A-BF96-7B61A21BA5E4}.Release|Any CPU.ActiveCfg = Release|Any CPU
		{A9FBE2C8-CB34-4C9A-BF96-7B61A21BA5E4}.Release|Any CPU.Build.0 = Release|Any CPU
	EndGlobalSection
	GlobalSection(SolutionProperties) = preSolution
		HideSolutionNode = FALSE
	EndGlobalSection
	GlobalSection(ExtensibilityGlobals) = postSolution
		SolutionGuid = {76843A42-D27B-453F-9F23-08DD327E5478}
	EndGlobalSection
EndGlobal
